// !$*UTF8*$!
{
	archiveVersion = 1;
	classes = {
	};
	objectVersion = 56;
	objects = {

/* Begin PBXBuildFile section */
		C6930ACD2ADE714A009FBEA8 /* CombineViewController.swift in Sources */ = {isa = PBXBuildFile; fileRef = C6930ACC2ADE714A009FBEA8 /* CombineViewController.swift */; };
		C6930ACF2ADE7382009FBEA8 /* ViewController.swift in Sources */ = {isa = PBXBuildFile; fileRef = C6930ACE2ADE7382009FBEA8 /* ViewController.swift */; };
		C69F96AF2AD3DF47005BAE2C /* AppDelegate.swift in Sources */ = {isa = PBXBuildFile; fileRef = C69F96AE2AD3DF47005BAE2C /* AppDelegate.swift */; };
		C69F96B12AD3DF47005BAE2C /* SceneDelegate.swift in Sources */ = {isa = PBXBuildFile; fileRef = C69F96B02AD3DF47005BAE2C /* SceneDelegate.swift */; };
		C69F96B32AD3DF47005BAE2C /* ComponentKitViewController.swift in Sources */ = {isa = PBXBuildFile; fileRef = C69F96B22AD3DF47005BAE2C /* ComponentKitViewController.swift */; };
		C69F96B82AD3DF47005BAE2C /* Assets.xcassets in Resources */ = {isa = PBXBuildFile; fileRef = C69F96B72AD3DF47005BAE2C /* Assets.xcassets */; };
		C69F96BB2AD3DF47005BAE2C /* LaunchScreen.storyboard in Resources */ = {isa = PBXBuildFile; fileRef = C69F96B92AD3DF47005BAE2C /* LaunchScreen.storyboard */; };
		C6D5FBD82AD3E17F0099AC9A /* SHPComponentKit in Frameworks */ = {isa = PBXBuildFile; productRef = C6D5FBD72AD3E17F0099AC9A /* SHPComponentKit */; };
/* End PBXBuildFile section */

/* Begin PBXFileReference section */
		C6930ACC2ADE714A009FBEA8 /* CombineViewController.swift */ = {isa = PBXFileReference; fileEncoding = 4; lastKnownFileType = sourcecode.swift; path = CombineViewController.swift; sourceTree = "<group>"; };
		C6930ACE2ADE7382009FBEA8 /* ViewController.swift */ = {isa = PBXFileReference; lastKnownFileType = sourcecode.swift; path = ViewController.swift; sourceTree = "<group>"; };
		C69F96AB2AD3DF47005BAE2C /* Sandbox.app */ = {isa = PBXFileReference; explicitFileType = wrapper.application; includeInIndex = 0; path = Sandbox.app; sourceTree = BUILT_PRODUCTS_DIR; };
		C69F96AE2AD3DF47005BAE2C /* AppDelegate.swift */ = {isa = PBXFileReference; lastKnownFileType = sourcecode.swift; path = AppDelegate.swift; sourceTree = "<group>"; };
		C69F96B02AD3DF47005BAE2C /* SceneDelegate.swift */ = {isa = PBXFileReference; lastKnownFileType = sourcecode.swift; path = SceneDelegate.swift; sourceTree = "<group>"; };
		C69F96B22AD3DF47005BAE2C /* ComponentKitViewController.swift */ = {isa = PBXFileReference; lastKnownFileType = sourcecode.swift; path = ComponentKitViewController.swift; sourceTree = "<group>"; };
		C69F96B72AD3DF47005BAE2C /* Assets.xcassets */ = {isa = PBXFileReference; lastKnownFileType = folder.assetcatalog; path = Assets.xcassets; sourceTree = "<group>"; };
		C69F96BA2AD3DF47005BAE2C /* Base */ = {isa = PBXFileReference; lastKnownFileType = file.storyboard; name = Base; path = Base.lproj/LaunchScreen.storyboard; sourceTree = "<group>"; };
		C69F96BC2AD3DF47005BAE2C /* Info.plist */ = {isa = PBXFileReference; lastKnownFileType = text.plist.xml; path = Info.plist; sourceTree = "<group>"; };
/* End PBXFileReference section */

/* Begin PBXFrameworksBuildPhase section */
		C69F96A82AD3DF47005BAE2C /* Frameworks */ = {
			isa = PBXFrameworksBuildPhase;
			buildActionMask = 2147483647;
			files = (
				C6D5FBD82AD3E17F0099AC9A /* SHPComponentKit in Frameworks */,
			);
			runOnlyForDeploymentPostprocessing = 0;
		};
/* End PBXFrameworksBuildPhase section */

/* Begin PBXGroup section */
		C69F96A22AD3DF47005BAE2C = {
			isa = PBXGroup;
			children = (
				C69F96AD2AD3DF47005BAE2C /* Sandbox */,
				C69F96AC2AD3DF47005BAE2C /* Products */,
			);
			sourceTree = "<group>";
		};
		C69F96AC2AD3DF47005BAE2C /* Products */ = {
			isa = PBXGroup;
			children = (
				C69F96AB2AD3DF47005BAE2C /* Sandbox.app */,
			);
			name = Products;
			sourceTree = "<group>";
		};
		C69F96AD2AD3DF47005BAE2C /* Sandbox */ = {
			isa = PBXGroup;
			children = (
				C69F96AE2AD3DF47005BAE2C /* AppDelegate.swift */,
				C69F96B02AD3DF47005BAE2C /* SceneDelegate.swift */,
				C6930ACE2ADE7382009FBEA8 /* ViewController.swift */,
				C69F96B22AD3DF47005BAE2C /* ComponentKitViewController.swift */,
				C6930ACC2ADE714A009FBEA8 /* CombineViewController.swift */,
				C69F96B72AD3DF47005BAE2C /* Assets.xcassets */,
				C69F96B92AD3DF47005BAE2C /* LaunchScreen.storyboard */,
				C69F96BC2AD3DF47005BAE2C /* Info.plist */,
			);
			path = Sandbox;
			sourceTree = "<group>";
		};
/* End PBXGroup section */

/* Begin PBXNativeTarget section */
		C69F96AA2AD3DF47005BAE2C /* Sandbox */ = {
			isa = PBXNativeTarget;
			buildConfigurationList = C69F96BF2AD3DF47005BAE2C /* Build configuration list for PBXNativeTarget "Sandbox" */;
			buildPhases = (
				C69F96A72AD3DF47005BAE2C /* Sources */,
				C69F96A82AD3DF47005BAE2C /* Frameworks */,
				C69F96A92AD3DF47005BAE2C /* Resources */,
			);
			buildRules = (
			);
			dependencies = (
			);
			name = Sandbox;
			packageProductDependencies = (
				C6D5FBD72AD3E17F0099AC9A /* SHPComponentKit */,
			);
			productName = prototype;
			productReference = C69F96AB2AD3DF47005BAE2C /* Sandbox.app */;
			productType = "com.apple.product-type.application";
		};
/* End PBXNativeTarget section */

/* Begin PBXProject section */
		C69F96A32AD3DF47005BAE2C /* Project object */ = {
			isa = PBXProject;
			attributes = {
				BuildIndependentTargetsInParallel = 1;
				LastSwiftUpdateCheck = 1500;
				LastUpgradeCheck = 1500;
				TargetAttributes = {
					C69F96AA2AD3DF47005BAE2C = {
						CreatedOnToolsVersion = 15.0;
					};
				};
			};
			buildConfigurationList = C69F96A62AD3DF47005BAE2C /* Build configuration list for PBXProject "Sandbox" */;
			compatibilityVersion = "Xcode 14.0";
			developmentRegion = en;
			hasScannedForEncodings = 0;
			knownRegions = (
				en,
				Base,
			);
			mainGroup = C69F96A22AD3DF47005BAE2C;
			packageReferences = (
				C6D5FBD62AD3E17F0099AC9A /* XCRemoteSwiftPackageReference "shpcomponentkit" */,
			);
			productRefGroup = C69F96AC2AD3DF47005BAE2C /* Products */;
			projectDirPath = "";
			projectRoot = "";
			targets = (
				C69F96AA2AD3DF47005BAE2C /* Sandbox */,
			);
		};
/* End PBXProject section */

/* Begin PBXResourcesBuildPhase section */
		C69F96A92AD3DF47005BAE2C /* Resources */ = {
			isa = PBXResourcesBuildPhase;
			buildActionMask = 2147483647;
			files = (
				C69F96BB2AD3DF47005BAE2C /* LaunchScreen.storyboard in Resources */,
				C69F96B82AD3DF47005BAE2C /* Assets.xcassets in Resources */,
			);
			runOnlyForDeploymentPostprocessing = 0;
		};
/* End PBXResourcesBuildPhase section */

/* Begin PBXSourcesBuildPhase section */
		C69F96A72AD3DF47005BAE2C /* Sources */ = {
			isa = PBXSourcesBuildPhase;
			buildActionMask = 2147483647;
			files = (
				C6930ACF2ADE7382009FBEA8 /* ViewController.swift in Sources */,
				C6930ACD2ADE714A009FBEA8 /* CombineViewController.swift in Sources */,
				C69F96B32AD3DF47005BAE2C /* ComponentKitViewController.swift in Sources */,
				C69F96AF2AD3DF47005BAE2C /* AppDelegate.swift in Sources */,
				C69F96B12AD3DF47005BAE2C /* SceneDelegate.swift in Sources */,
			);
			runOnlyForDeploymentPostprocessing = 0;
		};
/* End PBXSourcesBuildPhase section */

/* Begin PBXVariantGroup section */
		C69F96B92AD3DF47005BAE2C /* LaunchScreen.storyboard */ = {
			isa = PBXVariantGroup;
			children = (
				C69F96BA2AD3DF47005BAE2C /* Base */,
			);
			name = LaunchScreen.storyboard;
			sourceTree = "<group>";
		};
/* End PBXVariantGroup section */

/* Begin XCBuildConfiguration section */
		C69F96BD2AD3DF47005BAE2C /* Debug */ = {
			isa = XCBuildConfiguration;
			buildSettings = {
				ALWAYS_SEARCH_USER_PATHS = NO;
				ASSETCATALOG_COMPILER_GENERATE_SWIFT_ASSET_SYMBOL_EXTENSIONS = YES;
				CLANG_ANALYZER_NONNULL = YES;
				CLANG_ANALYZER_NUMBER_OBJECT_CONVERSION = YES_AGGRESSIVE;
				CLANG_CXX_LANGUAGE_STANDARD = "gnu++20";
				CLANG_ENABLE_MODULES = YES;
				CLANG_ENABLE_OBJC_ARC = YES;
				CLANG_ENABLE_OBJC_WEAK = YES;
				CLANG_WARN_BLOCK_CAPTURE_AUTORELEASING = YES;
				CLANG_WARN_BOOL_CONVERSION = YES;
				CLANG_WARN_COMMA = YES;
				CLANG_WARN_CONSTANT_CONVERSION = YES;
				CLANG_WARN_DEPRECATED_OBJC_IMPLEMENTATIONS = YES;
				CLANG_WARN_DIRECT_OBJC_ISA_USAGE = YES_ERROR;
				CLANG_WARN_DOCUMENTATION_COMMENTS = YES;
				CLANG_WARN_EMPTY_BODY = YES;
				CLANG_WARN_ENUM_CONVERSION = YES;
				CLANG_WARN_INFINITE_RECURSION = YES;
				CLANG_WARN_INT_CONVERSION = YES;
				CLANG_WARN_NON_LITERAL_NULL_CONVERSION = YES;
				CLANG_WARN_OBJC_IMPLICIT_RETAIN_SELF = YES;
				CLANG_WARN_OBJC_LITERAL_CONVERSION = YES;
				CLANG_WARN_OBJC_ROOT_CLASS = YES_ERROR;
				CLANG_WARN_QUOTED_INCLUDE_IN_FRAMEWORK_HEADER = YES;
				CLANG_WARN_RANGE_LOOP_ANALYSIS = YES;
				CLANG_WARN_STRICT_PROTOTYPES = YES;
				CLANG_WARN_SUSPICIOUS_MOVE = YES;
				CLANG_WARN_UNGUARDED_AVAILABILITY = YES_AGGRESSIVE;
				CLANG_WARN_UNREACHABLE_CODE = YES;
				CLANG_WARN__DUPLICATE_METHOD_MATCH = YES;
				COPY_PHASE_STRIP = NO;
				DEBUG_INFORMATION_FORMAT = dwarf;
				ENABLE_STRICT_OBJC_MSGSEND = YES;
				ENABLE_TESTABILITY = YES;
				ENABLE_USER_SCRIPT_SANDBOXING = YES;
				GCC_C_LANGUAGE_STANDARD = gnu17;
				GCC_DYNAMIC_NO_PIC = NO;
				GCC_NO_COMMON_BLOCKS = YES;
				GCC_OPTIMIZATION_LEVEL = 0;
				GCC_PREPROCESSOR_DEFINITIONS = (
					"DEBUG=1",
					"$(inherited)",
				);
				GCC_WARN_64_TO_32_BIT_CONVERSION = YES;
				GCC_WARN_ABOUT_RETURN_TYPE = YES_ERROR;
				GCC_WARN_UNDECLARED_SELECTOR = YES;
				GCC_WARN_UNINITIALIZED_AUTOS = YES_AGGRESSIVE;
				GCC_WARN_UNUSED_FUNCTION = YES;
				GCC_WARN_UNUSED_VARIABLE = YES;
				IPHONEOS_DEPLOYMENT_TARGET = 17.0;
				LOCALIZATION_PREFERS_STRING_CATALOGS = YES;
				MTL_ENABLE_DEBUG_INFO = INCLUDE_SOURCE;
				MTL_FAST_MATH = YES;
				ONLY_ACTIVE_ARCH = YES;
				SDKROOT = iphoneos;
				SWIFT_ACTIVE_COMPILATION_CONDITIONS = "DEBUG $(inherited)";
				SWIFT_OPTIMIZATION_LEVEL = "-Onone";
			};
			name = Debug;
		};
		C69F96BE2AD3DF47005BAE2C /* Release */ = {
			isa = XCBuildConfiguration;
			buildSettings = {
				ALWAYS_SEARCH_USER_PATHS = NO;
				ASSETCATALOG_COMPILER_GENERATE_SWIFT_ASSET_SYMBOL_EXTENSIONS = YES;
				CLANG_ANALYZER_NONNULL = YES;
				CLANG_ANALYZER_NUMBER_OBJECT_CONVERSION = YES_AGGRESSIVE;
				CLANG_CXX_LANGUAGE_STANDARD = "gnu++20";
				CLANG_ENABLE_MODULES = YES;
				CLANG_ENABLE_OBJC_ARC = YES;
				CLANG_ENABLE_OBJC_WEAK = YES;
				CLANG_WARN_BLOCK_CAPTURE_AUTORELEASING = YES;
				CLANG_WARN_BOOL_CONVERSION = YES;
				CLANG_WARN_COMMA = YES;
				CLANG_WARN_CONSTANT_CONVERSION = YES;
				CLANG_WARN_DEPRECATED_OBJC_IMPLEMENTATIONS = YES;
				CLANG_WARN_DIRECT_OBJC_ISA_USAGE = YES_ERROR;
				CLANG_WARN_DOCUMENTATION_COMMENTS = YES;
				CLANG_WARN_EMPTY_BODY = YES;
				CLANG_WARN_ENUM_CONVERSION = YES;
				CLANG_WARN_INFINITE_RECURSION = YES;
				CLANG_WARN_INT_CONVERSION = YES;
				CLANG_WARN_NON_LITERAL_NULL_CONVERSION = YES;
				CLANG_WARN_OBJC_IMPLICIT_RETAIN_SELF = YES;
				CLANG_WARN_OBJC_LITERAL_CONVERSION = YES;
				CLANG_WARN_OBJC_ROOT_CLASS = YES_ERROR;
				CLANG_WARN_QUOTED_INCLUDE_IN_FRAMEWORK_HEADER = YES;
				CLANG_WARN_RANGE_LOOP_ANALYSIS = YES;
				CLANG_WARN_STRICT_PROTOTYPES = YES;
				CLANG_WARN_SUSPICIOUS_MOVE = YES;
				CLANG_WARN_UNGUARDED_AVAILABILITY = YES_AGGRESSIVE;
				CLANG_WARN_UNREACHABLE_CODE = YES;
				CLANG_WARN__DUPLICATE_METHOD_MATCH = YES;
				COPY_PHASE_STRIP = NO;
				DEBUG_INFORMATION_FORMAT = "dwarf-with-dsym";
				ENABLE_NS_ASSERTIONS = NO;
				ENABLE_STRICT_OBJC_MSGSEND = YES;
				ENABLE_USER_SCRIPT_SANDBOXING = YES;
				GCC_C_LANGUAGE_STANDARD = gnu17;
				GCC_NO_COMMON_BLOCKS = YES;
				GCC_WARN_64_TO_32_BIT_CONVERSION = YES;
				GCC_WARN_ABOUT_RETURN_TYPE = YES_ERROR;
				GCC_WARN_UNDECLARED_SELECTOR = YES;
				GCC_WARN_UNINITIALIZED_AUTOS = YES_AGGRESSIVE;
				GCC_WARN_UNUSED_FUNCTION = YES;
				GCC_WARN_UNUSED_VARIABLE = YES;
				IPHONEOS_DEPLOYMENT_TARGET = 17.0;
				LOCALIZATION_PREFERS_STRING_CATALOGS = YES;
				MTL_ENABLE_DEBUG_INFO = NO;
				MTL_FAST_MATH = YES;
				SDKROOT = iphoneos;
				SWIFT_COMPILATION_MODE = wholemodule;
				VALIDATE_PRODUCT = YES;
			};
			name = Release;
		};
		C69F96C02AD3DF47005BAE2C /* Debug */ = {
			isa = XCBuildConfiguration;
			buildSettings = {
				ASSETCATALOG_COMPILER_APPICON_NAME = AppIcon;
				ASSETCATALOG_COMPILER_GLOBAL_ACCENT_COLOR_NAME = AccentColor;
				CODE_SIGN_STYLE = Automatic;
				CURRENT_PROJECT_VERSION = 1;
				DEVELOPMENT_TEAM = M29HV6Q66Q;
				GENERATE_INFOPLIST_FILE = YES;
				INFOPLIST_FILE = Sandbox/Info.plist;
				INFOPLIST_KEY_UIApplicationSupportsIndirectInputEvents = YES;
				INFOPLIST_KEY_UILaunchStoryboardName = LaunchScreen;
				INFOPLIST_KEY_UIMainStoryboardFile = "";
				INFOPLIST_KEY_UISupportedInterfaceOrientations_iPad = "UIInterfaceOrientationPortrait UIInterfaceOrientationPortraitUpsideDown UIInterfaceOrientationLandscapeLeft UIInterfaceOrientationLandscapeRight";
				INFOPLIST_KEY_UISupportedInterfaceOrientations_iPhone = "UIInterfaceOrientationPortrait UIInterfaceOrientationLandscapeLeft UIInterfaceOrientationLandscapeRight";
				IPHONEOS_DEPLOYMENT_TARGET = 16.0;
				LD_RUNPATH_SEARCH_PATHS = (
					"$(inherited)",
					"@executable_path/Frameworks",
				);
				MARKETING_VERSION = 1.0;
				PRODUCT_BUNDLE_IDENTIFIER = dk.shape.ok.Sandbox;
				PRODUCT_NAME = "$(TARGET_NAME)";
				SWIFT_EMIT_LOC_STRINGS = YES;
				SWIFT_VERSION = 5.0;
				TARGETED_DEVICE_FAMILY = "1,2";
			};
			name = Debug;
		};
		C69F96C12AD3DF47005BAE2C /* Release */ = {
			isa = XCBuildConfiguration;
			buildSettings = {
				ASSETCATALOG_COMPILER_APPICON_NAME = AppIcon;
				ASSETCATALOG_COMPILER_GLOBAL_ACCENT_COLOR_NAME = AccentColor;
				CODE_SIGN_STYLE = Automatic;
				CURRENT_PROJECT_VERSION = 1;
				DEVELOPMENT_TEAM = M29HV6Q66Q;
				GENERATE_INFOPLIST_FILE = YES;
				INFOPLIST_FILE = Sandbox/Info.plist;
				INFOPLIST_KEY_UIApplicationSupportsIndirectInputEvents = YES;
				INFOPLIST_KEY_UILaunchStoryboardName = LaunchScreen;
				INFOPLIST_KEY_UIMainStoryboardFile = "";
				INFOPLIST_KEY_UISupportedInterfaceOrientations_iPad = "UIInterfaceOrientationPortrait UIInterfaceOrientationPortraitUpsideDown UIInterfaceOrientationLandscapeLeft UIInterfaceOrientationLandscapeRight";
				INFOPLIST_KEY_UISupportedInterfaceOrientations_iPhone = "UIInterfaceOrientationPortrait UIInterfaceOrientationLandscapeLeft UIInterfaceOrientationLandscapeRight";
				IPHONEOS_DEPLOYMENT_TARGET = 16.0;
				LD_RUNPATH_SEARCH_PATHS = (
					"$(inherited)",
					"@executable_path/Frameworks",
				);
				MARKETING_VERSION = 1.0;
				PRODUCT_BUNDLE_IDENTIFIER = dk.shape.ok.Sandbox;
				PRODUCT_NAME = "$(TARGET_NAME)";
				SWIFT_EMIT_LOC_STRINGS = YES;
				SWIFT_VERSION = 5.0;
				TARGETED_DEVICE_FAMILY = "1,2";
			};
			name = Release;
		};
/* End XCBuildConfiguration section */

/* Begin XCConfigurationList section */
		C69F96A62AD3DF47005BAE2C /* Build configuration list for PBXProject "Sandbox" */ = {
			isa = XCConfigurationList;
			buildConfigurations = (
				C69F96BD2AD3DF47005BAE2C /* Debug */,
				C69F96BE2AD3DF47005BAE2C /* Release */,
			);
			defaultConfigurationIsVisible = 0;
			defaultConfigurationName = Release;
		};
		C69F96BF2AD3DF47005BAE2C /* Build configuration list for PBXNativeTarget "Sandbox" */ = {
			isa = XCConfigurationList;
			buildConfigurations = (
				C69F96C02AD3DF47005BAE2C /* Debug */,
				C69F96C12AD3DF47005BAE2C /* Release */,
			);
			defaultConfigurationIsVisible = 0;
			defaultConfigurationName = Release;
		};
/* End XCConfigurationList section */

/* Begin XCRemoteSwiftPackageReference section */
		C6D5FBD62AD3E17F0099AC9A /* XCRemoteSwiftPackageReference "shpcomponentkit" */ = {
			isa = XCRemoteSwiftPackageReference;
			repositoryURL = "git@github.com:shapehq/shpcomponentkit.git";
			requirement = {
				kind = upToNextMajorVersion;
				minimumVersion = 6.0.0;
			};
		};
/* End XCRemoteSwiftPackageReference section */

/* Begin XCSwiftPackageProductDependency section */
		C6D5FBD72AD3E17F0099AC9A /* SHPComponentKit */ = {
			isa = XCSwiftPackageProductDependency;
			package = C6D5FBD62AD3E17F0099AC9A /* XCRemoteSwiftPackageReference "shpcomponentkit" */;
			productName = SHPComponentKit;
		};
/* End XCSwiftPackageProductDependency section */
	};
	rootObject = C69F96A32AD3DF47005BAE2C /* Project object */;
}
